
Microsoft Visual Studio Solution File, Format Version 12.00
# Visual Studio Version 17
VisualStudioVersion = 17.13.35806.99 d17.13
MinimumVisualStudioVersion = 10.0.40219.1
Project("{FAE04EC0-301F-11D3-BF4B-00C04F79EFBC}") = "StackOverflowProject", "StackOverflowProject.csproj", "{C8A21EF4-18BF-4E9B-A965-6077C7BDE84E}"
EndProject
Project("{FAE04EC0-301F-11D3-BF4B-00C04F79EFBC}") = "StackOverflowProject.DomainModels", "..\StackOverflowProject.DomainModels\StackOverflowProject.DomainModels.csproj", "{5F2457BD-ED91-468A-856E-F9C8E6A48557}"
EndProject
Project("{FAE04EC0-301F-11D3-BF4B-00C04F79EFBC}") = "StackOverflowProject.ViewModels", "..\StackOverflowProject.ViewModels\StackOverflowProject.ViewModels.csproj", "{F8199A52-EA3D-430B-A2B9-EAF5EDE628EC}"
EndProject
Project("{FAE04EC0-301F-11D3-BF4B-00C04F79EFBC}") = "StackOverflowProject.Repositories", "..\StackOverflowProject.Repositories\StackOverflowProject.Repositories.csproj", "{F9935940-2BAD-44D4-AA20-C541460E0969}"
EndProject
Project("{FAE04EC0-301F-11D3-BF4B-00C04F79EFBC}") = "StackOverflowProject.ServiceLayer", "..\StackOverflowProject.ServiceLayer\StackOverflowProject.ServiceLayer.csproj", "{8FE62A9D-32E7-4304-9DB8-BD80BB42AD2E}"
EndProject
Global
	GlobalSection(SolutionConfigurationPlatforms) = preSolution
		Debug|Any CPU = Debug|Any CPU
		Release|Any CPU = Release|Any CPU
	EndGlobalSection
	GlobalSection(ProjectConfigurationPlatforms) = postSolution
		{C8A21EF4-18BF-4E9B-A965-6077C7BDE84E}.Debug|Any CPU.ActiveCfg = Debug|Any CPU
		{C8A21EF4-18BF-4E9B-A965-6077C7BDE84E}.Debug|Any CPU.Build.0 = Debug|Any CPU
		{C8A21EF4-18BF-4E9B-A965-6077C7BDE84E}.Release|Any CPU.ActiveCfg = Release|Any CPU
		{C8A21EF4-18BF-4E9B-A965-6077C7BDE84E}.Release|Any CPU.Build.0 = Release|Any CPU
		{5F2457BD-ED91-468A-856E-F9C8E6A48557}.Debug|Any CPU.ActiveCfg = Debug|Any CPU
		{5F2457BD-ED91-468A-856E-F9C8E6A48557}.Debug|Any CPU.Build.0 = Debug|Any CPU
		{5F2457BD-ED91-468A-856E-F9C8E6A48557}.Release|Any CPU.ActiveCfg = Release|Any CPU
		{5F2457BD-ED91-468A-856E-F9C8E6A48557}.Release|Any CPU.Build.0 = Release|Any CPU
		{F8199A52-EA3D-430B-A2B9-EAF5EDE628EC}.Debug|Any CPU.ActiveCfg = Debug|Any CPU
		{F8199A52-EA3D-430B-A2B9-EAF5EDE628EC}.Debug|Any CPU.Build.0 = Debug|Any CPU
		{F8199A52-EA3D-430B-A2B9-EAF5EDE628EC}.Release|Any CPU.ActiveCfg = Release|Any CPU
		{F8199A52-EA3D-430B-A2B9-EAF5EDE628EC}.Release|Any CPU.Build.0 = Release|Any CPU
		{F9935940-2BAD-44D4-AA20-C541460E0969}.Debug|Any CPU.ActiveCfg = Debug|Any CPU
		{F9935940-2BAD-44D4-AA20-C541460E0969}.Debug|Any CPU.Build.0 = Debug|Any CPU
		{F9935940-2BAD-44D4-AA20-C541460E0969}.Release|Any CPU.ActiveCfg = Release|Any CPU
		{F9935940-2BAD-44D4-AA20-C541460E0969}.Release|Any CPU.Build.0 = Release|Any CPU
		{8FE62A9D-32E7-4304-9DB8-BD80BB42AD2E}.Debug|Any CPU.ActiveCfg = Debug|Any CPU
		{8FE62A9D-32E7-4304-9DB8-BD80BB42AD2E}.Debug|Any CPU.Build.0 = Debug|Any CPU
		{8FE62A9D-32E7-4304-9DB8-BD80BB42AD2E}.Release|Any CPU.ActiveCfg = Release|Any CPU
		{8FE62A9D-32E7-4304-9DB8-BD80BB42AD2E}.Release|Any CPU.Build.0 = Release|Any CPU
	EndGlobalSection
	GlobalSection(SolutionProperties) = preSolution
		HideSolutionNode = FALSE
	EndGlobalSection
	GlobalSection(ExtensibilityGlobals) = postSolution
		SolutionGuid = {9CC20830-727D-4E02-895D-45EEF44B26F8}
	EndGlobalSection
EndGlobal
